#MicroXplorer Configuration settings - do not modify
CAN.BS1=CAN_BS1_12TQ
CAN.BS2=CAN_BS2_2TQ
CAN.CalculateTimeQuantum=500.0
CAN.IPParameters=CalculateTimeQuantum,Prescaler,BS1,BS2,SJW
CAN.Prescaler=24
CAN.SJW=CAN_SJW_2TQ
File.Version=6
KeepUserPlacement=false
Mcu.Family=STM32F0
Mcu.IP0=CAN
Mcu.IP1=I2C1
Mcu.IP10=USB_DEVICE
Mcu.IP2=NVIC
Mcu.IP3=RCC
Mcu.IP4=SYS
Mcu.IP5=TIM1
Mcu.IP6=USART1
Mcu.IP7=USART2
Mcu.IP8=USART3
Mcu.IP9=USB
Mcu.IPNb=11
Mcu.Name=STM32F072C(8-B)Tx
Mcu.Package=LQFP48
Mcu.Pin0=PF0-OSC_IN
Mcu.Pin1=PF1-OSC_OUT
Mcu.Pin10=PA11
Mcu.Pin11=PA12
Mcu.Pin12=PA13
Mcu.Pin13=PA14
Mcu.Pin14=PB5
Mcu.Pin15=PB6
Mcu.Pin16=PB7
Mcu.Pin17=PB8
Mcu.Pin18=PB9
Mcu.Pin19=VP_SYS_VS_Systick
Mcu.Pin2=PA1
Mcu.Pin20=VP_TIM1_VS_ClockSourceINT
Mcu.Pin21=VP_USB_DEVICE_VS_USB_DEVICE_CUSTOM_HID_FS
Mcu.Pin3=PA2
Mcu.Pin4=PA3
Mcu.Pin5=PB10
Mcu.Pin6=PB11
Mcu.Pin7=PA8
Mcu.Pin8=PA9
Mcu.Pin9=PA10
Mcu.PinsNb=22
Mcu.ThirdPartyNb=0
Mcu.UserConstants=
Mcu.UserName=STM32F072C8Tx
MxCube.Version=4.25.0
MxDb.Version=DB.4.0.250
NVIC.HardFault_IRQn=true\:0\:0\:false\:false\:true\:false
NVIC.NonMaskableInt_IRQn=true\:0\:0\:false\:false\:true\:false
NVIC.PendSV_IRQn=true\:0\:0\:false\:false\:true\:false
NVIC.SVC_IRQn=true\:0\:0\:false\:false\:true\:false
NVIC.SysTick_IRQn=true\:0\:0\:false\:false\:true\:false
NVIC.USB_IRQn=true\:0\:0\:false\:false\:true\:false
PA1.GPIOParameters=GPIO_Label
PA1.GPIO_Label=SHDN
PA1.Locked=true
PA1.Signal=GPIO_Output
PA10.GPIOParameters=GPIO_Label
PA10.GPIO_Label=TX
PA10.Mode=Asynchronous
PA10.Signal=USART1_RX
PA11.Mode=Device
PA11.Signal=USB_DM
PA12.Mode=Device
PA12.Signal=USB_DP
PA13.Mode=Serial_Wire
PA13.Signal=SYS_SWDIO
PA14.Mode=Serial_Wire
PA14.Signal=SYS_SWCLK
PA2.GPIOParameters=GPIO_Label
PA2.GPIO_Label=LINTX
PA2.Mode=LIN
PA2.Signal=USART2_TX
PA3.GPIOParameters=GPIO_Label
PA3.GPIO_Label=LINRX
PA3.Mode=LIN
PA3.Signal=USART2_RX
PA8.GPIOParameters=GPIO_Label
PA8.GPIO_Label=WS2812
PA8.Signal=S_TIM1_CH1
PA9.GPIOParameters=GPIO_Label
PA9.GPIO_Label=RX
PA9.Mode=Asynchronous
PA9.Signal=USART1_TX
PB10.GPIOParameters=GPIO_Label
PB10.GPIO_Label=DBG_TX
PB10.Mode=Asynchronous
PB10.Signal=USART3_TX
PB11.GPIOParameters=GPIO_Label
PB11.GPIO_Label=DBG_RX
PB11.Mode=Asynchronous
PB11.Signal=USART3_RX
PB5.GPIOParameters=GPIO_Label
PB5.GPIO_Label=INT
PB5.Locked=true
PB5.Signal=GPIO_Input
PB6.Mode=I2C
PB6.Signal=I2C1_SCL
PB7.Mode=I2C
PB7.Signal=I2C1_SDA
PB8.Mode=Master
PB8.Signal=CAN_RX
PB9.Mode=Master
PB9.Signal=CAN_TX
PCC.Checker=false
PCC.Line=STM32F0x2
PCC.MCU=STM32F072C(8-B)Tx
PCC.PartNumber=STM32F072C8Tx
PCC.Seq0=0
PCC.Series=STM32F0
PCC.Temperature=25
PCC.Vdd=3.6
PF0-OSC_IN.Mode=HSE-External-Oscillator
PF0-OSC_IN.Signal=RCC_OSC_IN
PF1-OSC_OUT.Mode=HSE-External-Oscillator
PF1-OSC_OUT.Signal=RCC_OSC_OUT
PinOutPanel.RotationAngle=0
ProjectManager.AskForMigrate=true
ProjectManager.BackupPrevious=false
ProjectManager.CompilerOptimize=3
ProjectManager.ComputerToolchain=false
ProjectManager.CoupleFile=false
ProjectManager.CustomerFirmwarePackage=C\:/stm32tc/STM32CubeMX/STM32Cube_FW_F0_V1.9.0
ProjectManager.DefaultFWLocation=true
ProjectManager.DeletePrevious=true
ProjectManager.DeviceId=STM32F072C8Tx
ProjectManager.FirmwarePackage=STM32Cube FW_F0 V1.9.0
ProjectManager.FreePins=false
ProjectManager.HalAssertFull=true
ProjectManager.HeapSize=0x200
ProjectManager.KeepUserCode=true
ProjectManager.LastFirmware=true
ProjectManager.LibraryCopy=2
ProjectManager.MainLocation=Src
ProjectManager.PreviousToolchain=SW4STM32
ProjectManager.ProjectBuild=false
ProjectManager.ProjectFileName=sensactPi.ioc
ProjectManager.ProjectName=sensactPi
ProjectManager.StackSize=0x400
ProjectManager.TargetToolchain=SW4STM32
ProjectManager.ToolChainLocation=
ProjectManager.UnderRoot=true
ProjectManager.functionlistsort=1-MX_GPIO_Init-GPIO-false-HAL-true,2-SystemClock_Config-RCC-false-HAL-false,3-MX_CAN_Init-CAN-false-HAL-true,4-MX_I2C1_Init-I2C1-false-HAL-true,5-MX_USART3_UART_Init-USART3-false-HAL-true,6-MX_USART2_UART_Init-USART2-false-HAL-true,7-MX_USART1_UART_Init-USART1-false-HAL-true,8-MX_TIM1_Init-TIM1-false-HAL-true,9-MX_USB_DEVICE_Init-USB_DEVICE-false-HAL-true
RCC.AHBFreq_Value=48000000
RCC.APB1Freq_Value=48000000
RCC.APB1TimFreq_Value=48000000
RCC.CECFreq_Value=32786.88524590164
RCC.FCLKCortexFreq_Value=48000000
RCC.FamilyName=M
RCC.HCLKFreq_Value=48000000
RCC.HSE_VALUE=16000000
RCC.HSICECFreq_Value=32786.88524590164
RCC.I2SFreq_Value=48000000
RCC.IPParameters=AHBFreq_Value,APB1Freq_Value,APB1TimFreq_Value,CECFreq_Value,FCLKCortexFreq_Value,FamilyName,HCLKFreq_Value,HSE_VALUE,HSICECFreq_Value,I2SFreq_Value,MCOFreq_Value,PLLCLKFreq_Value,PLLMCOFreq_Value,PLLMUL,SYSCLKFreq_VALUE,SYSCLKSource,TimSysFreq_Value,USART1Freq_Value,USART2Freq_Value,USBClockSelection,USBFreq_Value,VCOOutput2Freq_Value
RCC.MCOFreq_Value=48000000
RCC.PLLCLKFreq_Value=48000000
RCC.PLLMCOFreq_Value=48000000
RCC.PLLMUL=RCC_PLL_MUL3
RCC.SYSCLKFreq_VALUE=48000000
RCC.SYSCLKSource=RCC_SYSCLKSOURCE_PLLCLK
RCC.TimSysFreq_Value=48000000
RCC.USART1Freq_Value=48000000
RCC.USART2Freq_Value=48000000
RCC.USBClockSelection=RCC_USBCLKSOURCE_PLL
RCC.USBFreq_Value=48000000
RCC.VCOOutput2Freq_Value=16000000
SH.S_TIM1_CH1.0=TIM1_CH1,Output Compare1 CH1
SH.S_TIM1_CH1.ConfNb=1
TIM1.Channel-Output\ Compare1\ CH1=TIM_CHANNEL_1
TIM1.IPParameters=Channel-Output Compare1 CH1
USART1.BaudRate=115200
USART1.IPParameters=VirtualMode-Asynchronous,BaudRate,WordLength
USART1.VirtualMode-Asynchronous=VM_ASYNC
USART1.WordLength=WORDLENGTH_8B
USART2.BaudRate=9600
USART2.IPParameters=VirtualMode-LIN,BaudRate
USART2.VirtualMode-LIN=VM_LIN
USART3.BaudRate=115200
USART3.IPParameters=VirtualMode-Asynchronous,BaudRate,WordLength
USART3.VirtualMode-Asynchronous=VM_ASYNC
USART3.WordLength=WORDLENGTH_8B
USB_DEVICE.CLASS_NAME_FS=CUSTOMHID
USB_DEVICE.CONFIGURATION_STRING_CUSTOMHID_FS=sensactpihatcfg
USB_DEVICE.INTERFACE_STRING_CUSTOMHID_FS=sensactpihatif
USB_DEVICE.IPParameters=VirtualMode,VirtualModeFS,CLASS_NAME_FS,MANUFACTURER_STRING,PID_CUSTOMHID_FS,PRODUCT_STRING_CUSTOMHID_FS,CONFIGURATION_STRING_CUSTOMHID_FS,INTERFACE_STRING_CUSTOMHID_FS
USB_DEVICE.MANUFACTURER_STRING=sensactProject
USB_DEVICE.PID_CUSTOMHID_FS=42421
USB_DEVICE.PRODUCT_STRING_CUSTOMHID_FS=sensactpihat
USB_DEVICE.VirtualMode=CustomHid
USB_DEVICE.VirtualModeFS=Custom_Hid_FS
VP_SYS_VS_Systick.Mode=SysTick
VP_SYS_VS_Systick.Signal=SYS_VS_Systick
VP_TIM1_VS_ClockSourceINT.Mode=Internal
VP_TIM1_VS_ClockSourceINT.Signal=TIM1_VS_ClockSourceINT
VP_USB_DEVICE_VS_USB_DEVICE_CUSTOM_HID_FS.Mode=CUSTOM_HID_FS
VP_USB_DEVICE_VS_USB_DEVICE_CUSTOM_HID_FS.Signal=USB_DEVICE_VS_USB_DEVICE_CUSTOM_HID_FS
board=sensactPi
