
Microsoft Visual Studio Solution File, Format Version 12.00
# Visual Studio Version 17
VisualStudioVersion = 17.0.31903.59
MinimumVisualStudioVersion = 10.0.40219.1
Project("{FAE04EC0-301F-11D3-BF4B-00C04F79EFBC}") = "configware_dotnetcore", "configware_dotnetcore.csproj", "{768B9931-5769-4454-BAFE-FC676006599E}"
EndProject
Project("{FAE04EC0-301F-11D3-BF4B-00C04F79EFBC}") = "sensactmodelcommon", "..\..\model\common\sensactmodelcommon.csproj", "{147A8254-CE97-4162-B735-410C4CA24BF3}"
EndProject
Project("{FAE04EC0-301F-11D3-BF4B-00C04F79EFBC}") = "testmodel", "..\..\model\testmodel\testmodel.csproj", "{DD02E155-5145-403A-8FDB-3F7C49296EF7}"
EndProject
Global
	GlobalSection(SolutionConfigurationPlatforms) = preSolution
		Debug|Any CPU = Debug|Any CPU
		Release|Any CPU = Release|Any CPU
	EndGlobalSection
	GlobalSection(SolutionProperties) = preSolution
		HideSolutionNode = FALSE
	EndGlobalSection
	GlobalSection(ProjectConfigurationPlatforms) = postSolution
		{768B9931-5769-4454-BAFE-FC676006599E}.Debug|Any CPU.ActiveCfg = Debug|Any CPU
		{768B9931-5769-4454-BAFE-FC676006599E}.Debug|Any CPU.Build.0 = Debug|Any CPU
		{768B9931-5769-4454-BAFE-FC676006599E}.Release|Any CPU.ActiveCfg = Release|Any CPU
		{768B9931-5769-4454-BAFE-FC676006599E}.Release|Any CPU.Build.0 = Release|Any CPU
		{147A8254-CE97-4162-B735-410C4CA24BF3}.Debug|Any CPU.ActiveCfg = Debug|Any CPU
		{147A8254-CE97-4162-B735-410C4CA24BF3}.Debug|Any CPU.Build.0 = Debug|Any CPU
		{147A8254-CE97-4162-B735-410C4CA24BF3}.Release|Any CPU.ActiveCfg = Release|Any CPU
		{147A8254-CE97-4162-B735-410C4CA24BF3}.Release|Any CPU.Build.0 = Release|Any CPU
		{DD02E155-5145-403A-8FDB-3F7C49296EF7}.Debug|Any CPU.ActiveCfg = Debug|Any CPU
		{DD02E155-5145-403A-8FDB-3F7C49296EF7}.Debug|Any CPU.Build.0 = Debug|Any CPU
		{DD02E155-5145-403A-8FDB-3F7C49296EF7}.Release|Any CPU.ActiveCfg = Release|Any CPU
		{DD02E155-5145-403A-8FDB-3F7C49296EF7}.Release|Any CPU.Build.0 = Release|Any CPU
	EndGlobalSection
EndGlobal
